
Microsoft Visual Studio Solution File, Format Version 12.00
# Visual Studio Version 17
VisualStudioVersion = 17.14.36301.6 d17.14
MinimumVisualStudioVersion = 10.0.40219.1
Project("{FAE04EC0-301F-11D3-BF4B-00C04F79EFBC}") = "ZadanieTechniczne", "ZadanieTechniczne.csproj", "{4D8370A8-2200-476C-8E05-E15643F99CD9}"
EndProject
Global
	GlobalSection(SolutionConfigurationPlatforms) = preSolution
		Debug|Any CPU = Debug|Any CPU
		Release|Any CPU = Release|Any CPU
	EndGlobalSection
	GlobalSection(ProjectConfigurationPlatforms) = postSolution
		{4D8370A8-2200-476C-8E05-E15643F99CD9}.Debug|Any CPU.ActiveCfg = Debug|Any CPU
		{4D8370A8-2200-476C-8E05-E15643F99CD9}.Debug|Any CPU.Build.0 = Debug|Any CPU
		{4D8370A8-2200-476C-8E05-E15643F99CD9}.Release|Any CPU.ActiveCfg = Release|Any CPU
		{4D8370A8-2200-476C-8E05-E15643F99CD9}.Release|Any CPU.Build.0 = Release|Any CPU
	EndGlobalSection
	GlobalSection(SolutionProperties) = preSolution
		HideSolutionNode = FALSE
	EndGlobalSection
	GlobalSection(ExtensibilityGlobals) = postSolution
		SolutionGuid = {B0265DC0-68FC-4DDD-9F2A-B9D426DAD5DA}
	EndGlobalSection
EndGlobal
